
Microsoft Visual Studio Solution File, Format Version 12.00
# Visual Studio Version 16
VisualStudioVersion = 16.0.29102.190
MinimumVisualStudioVersion = 10.0.40219.1
Project("{FAE04EC0-301F-11D3-BF4B-00C04F79EFBC}") = "Geometria", "Geometria\Geometria.csproj", "{38484CA9-08EA-46C4-A9F2-B51FE78810F1}"
EndProject
Global
	GlobalSection(SolutionConfigurationPlatforms) = preSolution
		Debug|Any CPU = Debug|Any CPU
		Release|Any CPU = Release|Any CPU
	EndGlobalSection
	GlobalSection(ProjectConfigurationPlatforms) = postSolution
		{38484CA9-08EA-46C4-A9F2-B51FE78810F1}.Debug|Any CPU.ActiveCfg = Debug|Any CPU
		{38484CA9-08EA-46C4-A9F2-B51FE78810F1}.Debug|Any CPU.Build.0 = Debug|Any CPU
		{38484CA9-08EA-46C4-A9F2-B51FE78810F1}.Release|Any CPU.ActiveCfg = Release|Any CPU
		{38484CA9-08EA-46C4-A9F2-B51FE78810F1}.Release|Any CPU.Build.0 = Release|Any CPU
	EndGlobalSection
	GlobalSection(SolutionProperties) = preSolution
		HideSolutionNode = FALSE
	EndGlobalSection
	GlobalSection(ExtensibilityGlobals) = postSolution
		SolutionGuid = {1B1D1127-7B5D-4866-A1F5-6CB5E29D1755}
	EndGlobalSection
EndGlobal
